Microsoft Visual Studio Solution File, Format Version 12.00
# Visual Studio Version 17
VisualStudioVersion = 17.5.2.0
MinimumVisualStudioVersion = 10.0.40219.1
Project("{FAE04EC0-301F-11D3-BF4B-00C04F79EFBC}") = "XDiAMOND", "XDiAMOND.csproj", "{1FD25675-0E17-D570-8A1B-35E8F6792256}"
EndProject
Global
	GlobalSection(SolutionConfigurationPlatforms) = preSolution
		Debug|Any CPU = Debug|Any CPU
		Release|Any CPU = Release|Any CPU
	EndGlobalSection
	GlobalSection(ProjectConfigurationPlatforms) = postSolution
		{1FD25675-0E17-D570-8A1B-35E8F6792256}.Debug|Any CPU.ActiveCfg = Debug|Any CPU
		{1FD25675-0E17-D570-8A1B-35E8F6792256}.Debug|Any CPU.Build.0 = Debug|Any CPU
		{1FD25675-0E17-D570-8A1B-35E8F6792256}.Release|Any CPU.ActiveCfg = Release|Any CPU
		{1FD25675-0E17-D570-8A1B-35E8F6792256}.Release|Any CPU.Build.0 = Release|Any CPU
	EndGlobalSection
	GlobalSection(SolutionProperties) = preSolution
		HideSolutionNode = FALSE
	EndGlobalSection
	GlobalSection(ExtensibilityGlobals) = postSolution
		SolutionGuid = {BCD68A3C-1886-48AF-9A3A-A0EE794B64D6}
	EndGlobalSection
EndGlobal
